{
  "name": "my-capstone-project",
  "version": "1.0.0",
  "lockfileVersion": 2,
  "requires": true,
  "packages": {
    "": {
      "name": "my-capstone-project",
      "version": "1.0.0",
      "license": "ISC",
      "dependencies": {
        "dragselect": "^2.7.3"
      },
      "devDependencies": {
        "interactjs": "^1.10.17"
      }
    },
    "node_modules/@interactjs/types": {
      "version": "1.10.17",
      "resolved": "https://registry.npmjs.org/@interactjs/types/-/types-1.10.17.tgz",
      "integrity": "sha512-X2JpoM7xUw0p9Me0tMaI0HNfcF/Hd07ZZlzpnpEMpGerUZOLoyeThrV9P+CrBHxZrluWJrigJbcdqXliFd0YMA==",
      "dev": true
    },
    "node_modules/dragselect": {
      "version": "2.7.3",
      "resolved": "https://registry.npmjs.org/dragselect/-/dragselect-2.7.3.tgz",
      "integrity": "sha512-G314FWvuMNdbADdCbvEWIZRRz3F2mm/rv8+E3NNJTYt2h8ro4d+WQsBMgyF4/7Ivis69pWi9YvdrQVPBoPz/Sg=="
    },
    "node_modules/interactjs": {
      "version": "1.10.17",
      "resolved": "https://registry.npmjs.org/interactjs/-/interactjs-1.10.17.tgz",
      "integrity": "sha512-grjHJgnWkCoQLmAlk2yalNd1r0ztUhXLJNVjSOfWn1wfNNgU2tx1cDEkro9WYerDNC9UG3MZTeD4O6zOM5gbIA==",
      "dev": true,
      "dependencies": {
        "@interactjs/types": "1.10.17"
      }
    }
  },
  "dependencies": {
    "@interactjs/types": {
      "version": "1.10.17",
      "resolved": "https://registry.npmjs.org/@interactjs/types/-/types-1.10.17.tgz",
      "integrity": "sha512-X2JpoM7xUw0p9Me0tMaI0HNfcF/Hd07ZZlzpnpEMpGerUZOLoyeThrV9P+CrBHxZrluWJrigJbcdqXliFd0YMA==",
      "dev": true
    },
    "dragselect": {
      "version": "2.7.3",
      "resolved": "https://registry.npmjs.org/dragselect/-/dragselect-2.7.3.tgz",
      "integrity": "sha512-G314FWvuMNdbADdCbvEWIZRRz3F2mm/rv8+E3NNJTYt2h8ro4d+WQsBMgyF4/7Ivis69pWi9YvdrQVPBoPz/Sg=="
    },
    "interactjs": {
      "version": "1.10.17",
      "resolved": "https://registry.npmjs.org/interactjs/-/interactjs-1.10.17.tgz",
      "integrity": "sha512-grjHJgnWkCoQLmAlk2yalNd1r0ztUhXLJNVjSOfWn1wfNNgU2tx1cDEkro9WYerDNC9UG3MZTeD4O6zOM5gbIA==",
      "dev": true,
      "requires": {
        "@interactjs/types": "1.10.17"
      }
    }
  }
}
